
Microsoft Visual Studio Solution File, Format Version 12.00
# Visual Studio 14
VisualStudioVersion = 14.0.25123.0
MinimumVisualStudioVersion = 10.0.40219.1
Project("{2150E333-8FDC-42A3-9474-1A3956D46DE8}") = "src", "src", "{2EFD6E75-C1E0-4600-88D6-BFEDAD24A50A}"
	ProjectSection(SolutionItems) = preProject
		Common\Microsoft.OneDriveSDK.nuspec = Common\Microsoft.OneDriveSDK.nuspec
	EndProjectSection
EndProject
Project("{2150E333-8FDC-42A3-9474-1A3956D46DE8}") = "samples", "samples", "{7FEAF611-A121-41D7-B220-F619B566EBCE}"
EndProject
Project("{FAE04EC0-301F-11D3-BF4B-00C04F79EFBC}") = "OneDrivePhotoBrowser", "samples\OneDrivePhotoBrowser\OneDrivePhotoBrowser.csproj", "{8C314CEE-EA97-4CCC-88C3-08C5B076DB83}"
EndProject
Project("{FAE04EC0-301F-11D3-BF4B-00C04F79EFBC}") = "OneDriveApiBrowser", "samples\OneDriveApiBrowser\OneDriveApiBrowser.csproj", "{38C1F7A3-2A83-4686-A9F9-811520B1A0A0}"
EndProject
Project("{FAE04EC0-301F-11D3-BF4B-00C04F79EFBC}") = "Microsoft.OneDrive.Sdk", "src\OneDriveSdk\Microsoft.OneDrive.Sdk.csproj", "{1368527B-D7B2-46AD-893D-6DC8C073D819}"
EndProject
Project("{2150E333-8FDC-42A3-9474-1A3956D46DE8}") = "tests", "tests", "{369050EF-15AF-4B0E-98DF-085B91E1B68D}"
EndProject
Project("{FAE04EC0-301F-11D3-BF4B-00C04F79EFBC}") = "Test.OneDrive.Sdk", "tests\Test.OneDriveSdk\Test.OneDrive.Sdk.csproj", "{E3A990AA-5628-42AA-A8D4-1C599602DD96}"
EndProject
Global
	GlobalSection(SolutionConfigurationPlatforms) = preSolution
		Debug|Any CPU = Debug|Any CPU
		Debug|ARM = Debug|ARM
		Debug|x64 = Debug|x64
		Debug|x86 = Debug|x86
		Release|Any CPU = Release|Any CPU
		Release|ARM = Release|ARM
		Release|x64 = Release|x64
		Release|x86 = Release|x86
	EndGlobalSection
	GlobalSection(ProjectConfigurationPlatforms) = postSolution
		{8C314CEE-EA97-4CCC-88C3-08C5B076DB83}.Debug|Any CPU.ActiveCfg = Debug|x86
		{8C314CEE-EA97-4CCC-88C3-08C5B076DB83}.Debug|ARM.ActiveCfg = Debug|x86
		{8C314CEE-EA97-4CCC-88C3-08C5B076DB83}.Debug|x64.ActiveCfg = Debug|x64
		{8C314CEE-EA97-4CCC-88C3-08C5B076DB83}.Debug|x64.Build.0 = Debug|x64
		{8C314CEE-EA97-4CCC-88C3-08C5B076DB83}.Debug|x64.Deploy.0 = Debug|x64
		{8C314CEE-EA97-4CCC-88C3-08C5B076DB83}.Debug|x86.ActiveCfg = Debug|x86
		{8C314CEE-EA97-4CCC-88C3-08C5B076DB83}.Debug|x86.Build.0 = Debug|x86
		{8C314CEE-EA97-4CCC-88C3-08C5B076DB83}.Debug|x86.Deploy.0 = Debug|x86
		{8C314CEE-EA97-4CCC-88C3-08C5B076DB83}.Release|Any CPU.ActiveCfg = Release|x86
		{8C314CEE-EA97-4CCC-88C3-08C5B076DB83}.Release|ARM.ActiveCfg = Release|x86
		{8C314CEE-EA97-4CCC-88C3-08C5B076DB83}.Release|x64.ActiveCfg = Release|x86
		{8C314CEE-EA97-4CCC-88C3-08C5B076DB83}.Release|x64.Build.0 = Release|x64
		{8C314CEE-EA97-4CCC-88C3-08C5B076DB83}.Release|x64.Deploy.0 = Release|x64
		{8C314CEE-EA97-4CCC-88C3-08C5B076DB83}.Release|x86.ActiveCfg = Release|x86
		{8C314CEE-EA97-4CCC-88C3-08C5B076DB83}.Release|x86.Build.0 = Release|x86
		{8C314CEE-EA97-4CCC-88C3-08C5B076DB83}.Release|x86.Deploy.0 = Release|x86
		{38C1F7A3-2A83-4686-A9F9-811520B1A0A0}.Debug|Any CPU.ActiveCfg = Debug|Any CPU
		{38C1F7A3-2A83-4686-A9F9-811520B1A0A0}.Debug|Any CPU.Build.0 = Debug|Any CPU
		{38C1F7A3-2A83-4686-A9F9-811520B1A0A0}.Debug|ARM.ActiveCfg = Debug|Any CPU
		{38C1F7A3-2A83-4686-A9F9-811520B1A0A0}.Debug|ARM.Build.0 = Debug|Any CPU
		{38C1F7A3-2A83-4686-A9F9-811520B1A0A0}.Debug|x64.ActiveCfg = Debug|Any CPU
		{38C1F7A3-2A83-4686-A9F9-811520B1A0A0}.Debug|x64.Build.0 = Debug|Any CPU
		{38C1F7A3-2A83-4686-A9F9-811520B1A0A0}.Debug|x86.ActiveCfg = Debug|Any CPU
		{38C1F7A3-2A83-4686-A9F9-811520B1A0A0}.Debug|x86.Build.0 = Debug|Any CPU
		{38C1F7A3-2A83-4686-A9F9-811520B1A0A0}.Release|Any CPU.ActiveCfg = Release|Any CPU
		{38C1F7A3-2A83-4686-A9F9-811520B1A0A0}.Release|Any CPU.Build.0 = Release|Any CPU
		{38C1F7A3-2A83-4686-A9F9-811520B1A0A0}.Release|ARM.ActiveCfg = Release|Any CPU
		{38C1F7A3-2A83-4686-A9F9-811520B1A0A0}.Release|ARM.Build.0 = Release|Any CPU
		{38C1F7A3-2A83-4686-A9F9-811520B1A0A0}.Release|x64.ActiveCfg = Release|Any CPU
		{38C1F7A3-2A83-4686-A9F9-811520B1A0A0}.Release|x64.Build.0 = Release|Any CPU
		{38C1F7A3-2A83-4686-A9F9-811520B1A0A0}.Release|x86.ActiveCfg = Release|Any CPU
		{38C1F7A3-2A83-4686-A9F9-811520B1A0A0}.Release|x86.Build.0 = Release|Any CPU
		{1368527B-D7B2-46AD-893D-6DC8C073D819}.Debug|Any CPU.ActiveCfg = Debug|Any CPU
		{1368527B-D7B2-46AD-893D-6DC8C073D819}.Debug|Any CPU.Build.0 = Debug|Any CPU
		{1368527B-D7B2-46AD-893D-6DC8C073D819}.Debug|ARM.ActiveCfg = Debug|Any CPU
		{1368527B-D7B2-46AD-893D-6DC8C073D819}.Debug|ARM.Build.0 = Debug|Any CPU
		{1368527B-D7B2-46AD-893D-6DC8C073D819}.Debug|x64.ActiveCfg = Debug|Any CPU
		{1368527B-D7B2-46AD-893D-6DC8C073D819}.Debug|x64.Build.0 = Debug|Any CPU
		{1368527B-D7B2-46AD-893D-6DC8C073D819}.Debug|x86.ActiveCfg = Debug|Any CPU
		{1368527B-D7B2-46AD-893D-6DC8C073D819}.Debug|x86.Build.0 = Debug|Any CPU
		{1368527B-D7B2-46AD-893D-6DC8C073D819}.Release|Any CPU.ActiveCfg = Release|Any CPU
		{1368527B-D7B2-46AD-893D-6DC8C073D819}.Release|Any CPU.Build.0 = Release|Any CPU
		{1368527B-D7B2-46AD-893D-6DC8C073D819}.Release|ARM.ActiveCfg = Release|Any CPU
		{1368527B-D7B2-46AD-893D-6DC8C073D819}.Release|ARM.Build.0 = Release|Any CPU
		{1368527B-D7B2-46AD-893D-6DC8C073D819}.Release|x64.ActiveCfg = Release|Any CPU
		{1368527B-D7B2-46AD-893D-6DC8C073D819}.Release|x64.Build.0 = Release|Any CPU
		{1368527B-D7B2-46AD-893D-6DC8C073D819}.Release|x86.ActiveCfg = Release|Any CPU
		{1368527B-D7B2-46AD-893D-6DC8C073D819}.Release|x86.Build.0 = Release|Any CPU
		{E3A990AA-5628-42AA-A8D4-1C599602DD96}.Debug|Any CPU.ActiveCfg = Debug|Any CPU
		{E3A990AA-5628-42AA-A8D4-1C599602DD96}.Debug|Any CPU.Build.0 = Debug|Any CPU
		{E3A990AA-5628-42AA-A8D4-1C599602DD96}.Debug|ARM.ActiveCfg = Debug|Any CPU
		{E3A990AA-5628-42AA-A8D4-1C599602DD96}.Debug|ARM.Build.0 = Debug|Any CPU
		{E3A990AA-5628-42AA-A8D4-1C599602DD96}.Debug|x64.ActiveCfg = Debug|Any CPU
		{E3A990AA-5628-42AA-A8D4-1C599602DD96}.Debug|x64.Build.0 = Debug|Any CPU
		{E3A990AA-5628-42AA-A8D4-1C599602DD96}.Debug|x86.ActiveCfg = Debug|Any CPU
		{E3A990AA-5628-42AA-A8D4-1C599602DD96}.Debug|x86.Build.0 = Debug|Any CPU
		{E3A990AA-5628-42AA-A8D4-1C599602DD96}.Release|Any CPU.ActiveCfg = Release|Any CPU
		{E3A990AA-5628-42AA-A8D4-1C599602DD96}.Release|ARM.ActiveCfg = Release|Any CPU
		{E3A990AA-5628-42AA-A8D4-1C599602DD96}.Release|x64.ActiveCfg = Release|Any CPU
		{E3A990AA-5628-42AA-A8D4-1C599602DD96}.Release|x86.ActiveCfg = Release|Any CPU
	EndGlobalSection
	GlobalSection(SolutionProperties) = preSolution
		HideSolutionNode = FALSE
	EndGlobalSection
	GlobalSection(NestedProjects) = preSolution
		{8C314CEE-EA97-4CCC-88C3-08C5B076DB83} = {7FEAF611-A121-41D7-B220-F619B566EBCE}
		{38C1F7A3-2A83-4686-A9F9-811520B1A0A0} = {7FEAF611-A121-41D7-B220-F619B566EBCE}
		{1368527B-D7B2-46AD-893D-6DC8C073D819} = {2EFD6E75-C1E0-4600-88D6-BFEDAD24A50A}
		{E3A990AA-5628-42AA-A8D4-1C599602DD96} = {369050EF-15AF-4B0E-98DF-085B91E1B68D}
	EndGlobalSection
EndGlobal
