
Microsoft Visual Studio Solution File, Format Version 12.00
# Visual Studio 14
VisualStudioVersion = 14.0.23107.0
MinimumVisualStudioVersion = 10.0.40219.1
Project("{2150E333-8FDC-42A3-9474-1A3956D46DE8}") = "src", "src", "{2EFD6E75-C1E0-4600-88D6-BFEDAD24A50A}"
	ProjectSection(SolutionItems) = preProject
		Common\Microsoft.OneDriveSDK.nuspec = Common\Microsoft.OneDriveSDK.nuspec
	EndProjectSection
EndProject
Project("{2150E333-8FDC-42A3-9474-1A3956D46DE8}") = "samples", "samples", "{7FEAF611-A121-41D7-B220-F619B566EBCE}"
EndProject
Project("{FAE04EC0-301F-11D3-BF4B-00C04F79EFBC}") = "OneDrivePhotoBrowser", "samples\OneDrivePhotoBrowser\OneDrivePhotoBrowser.csproj", "{8C314CEE-EA97-4CCC-88C3-08C5B076DB83}"
EndProject
Project("{FAE04EC0-301F-11D3-BF4B-00C04F79EFBC}") = "OneDriveApiBrowser", "samples\OneDriveApiBrowser\OneDriveApiBrowser.csproj", "{38C1F7A3-2A83-4686-A9F9-811520B1A0A0}"
EndProject
Project("{FAE04EC0-301F-11D3-BF4B-00C04F79EFBC}") = "OneDriveSdk", "src\OneDriveSdk\OneDriveSdk.csproj", "{1368527B-D7B2-46AD-893D-6DC8C073D819}"
EndProject
Project("{FAE04EC0-301F-11D3-BF4B-00C04F79EFBC}") = "OneDriveSdk.WindowsForms", "src\OneDriveSdk.WindowsForms\OneDriveSdk.WindowsForms.csproj", "{C48558A9-320F-464D-BEF4-48266F3CF2D3}"
EndProject
Project("{FAE04EC0-301F-11D3-BF4B-00C04F79EFBC}") = "OneDriveSdk.WinStore", "src\OneDriveSdk.WinStore\OneDriveSdk.WinStore.csproj", "{A8C54259-542C-40AC-AEB6-EEFC3AA79859}"
EndProject
Project("{2150E333-8FDC-42A3-9474-1A3956D46DE8}") = "tests", "tests", "{369050EF-15AF-4B0E-98DF-085B91E1B68D}"
EndProject
Project("{FAE04EC0-301F-11D3-BF4B-00C04F79EFBC}") = "Test.OneDriveSdk", "tests\Test.OneDriveSdk\Test.OneDriveSdk.csproj", "{E3A990AA-5628-42AA-A8D4-1C599602DD96}"
EndProject
Project("{FAE04EC0-301F-11D3-BF4B-00C04F79EFBC}") = "OneDriveSdk.WinRT", "src\OneDriveSdk.WinRT\OneDriveSdk.WinRT.csproj", "{9F6BB55B-3985-42E8-88DE-CE10A39C6389}"
EndProject
Project("{FAE04EC0-301F-11D3-BF4B-00C04F79EFBC}") = "Test.OneDriveSdk.WinRT", "tests\Test.OneDriveSdk.WinRT\Test.OneDriveSdk.WinRT.csproj", "{61BCEAD9-36D4-49B6-9B0F-1999CDCD149F}"
EndProject
Project("{FAE04EC0-301F-11D3-BF4B-00C04F79EFBC}") = "Test.OneDriveSdk.WindowsForms", "tests\Test.OneDriveSdk.WindowsForms\Test.OneDriveSdk.WindowsForms.csproj", "{6C0D57DC-89C6-4313-BB2C-2CCB662AFDFB}"
EndProject
Global
	GlobalSection(SolutionConfigurationPlatforms) = preSolution
		Debug|Any CPU = Debug|Any CPU
		Debug|ARM = Debug|ARM
		Debug|x64 = Debug|x64
		Debug|x86 = Debug|x86
		Release|Any CPU = Release|Any CPU
		Release|ARM = Release|ARM
		Release|x64 = Release|x64
		Release|x86 = Release|x86
	EndGlobalSection
	GlobalSection(ProjectConfigurationPlatforms) = postSolution
		{8C314CEE-EA97-4CCC-88C3-08C5B076DB83}.Debug|Any CPU.ActiveCfg = Debug|x86
		{8C314CEE-EA97-4CCC-88C3-08C5B076DB83}.Debug|ARM.ActiveCfg = Debug|x86
		{8C314CEE-EA97-4CCC-88C3-08C5B076DB83}.Debug|x64.ActiveCfg = Debug|x64
		{8C314CEE-EA97-4CCC-88C3-08C5B076DB83}.Debug|x64.Build.0 = Debug|x64
		{8C314CEE-EA97-4CCC-88C3-08C5B076DB83}.Debug|x64.Deploy.0 = Debug|x64
		{8C314CEE-EA97-4CCC-88C3-08C5B076DB83}.Debug|x86.ActiveCfg = Debug|x86
		{8C314CEE-EA97-4CCC-88C3-08C5B076DB83}.Debug|x86.Build.0 = Debug|x86
		{8C314CEE-EA97-4CCC-88C3-08C5B076DB83}.Debug|x86.Deploy.0 = Debug|x86
		{8C314CEE-EA97-4CCC-88C3-08C5B076DB83}.Release|Any CPU.ActiveCfg = Release|x86
		{8C314CEE-EA97-4CCC-88C3-08C5B076DB83}.Release|ARM.ActiveCfg = Release|x86
		{8C314CEE-EA97-4CCC-88C3-08C5B076DB83}.Release|x64.ActiveCfg = Release|x86
		{8C314CEE-EA97-4CCC-88C3-08C5B076DB83}.Release|x64.Build.0 = Release|x64
		{8C314CEE-EA97-4CCC-88C3-08C5B076DB83}.Release|x64.Deploy.0 = Release|x64
		{8C314CEE-EA97-4CCC-88C3-08C5B076DB83}.Release|x86.ActiveCfg = Release|x86
		{8C314CEE-EA97-4CCC-88C3-08C5B076DB83}.Release|x86.Build.0 = Release|x86
		{8C314CEE-EA97-4CCC-88C3-08C5B076DB83}.Release|x86.Deploy.0 = Release|x86
		{38C1F7A3-2A83-4686-A9F9-811520B1A0A0}.Debug|Any CPU.ActiveCfg = Debug|Any CPU
		{38C1F7A3-2A83-4686-A9F9-811520B1A0A0}.Debug|Any CPU.Build.0 = Debug|Any CPU
		{38C1F7A3-2A83-4686-A9F9-811520B1A0A0}.Debug|ARM.ActiveCfg = Debug|Any CPU
		{38C1F7A3-2A83-4686-A9F9-811520B1A0A0}.Debug|ARM.Build.0 = Debug|Any CPU
		{38C1F7A3-2A83-4686-A9F9-811520B1A0A0}.Debug|x64.ActiveCfg = Debug|Any CPU
		{38C1F7A3-2A83-4686-A9F9-811520B1A0A0}.Debug|x64.Build.0 = Debug|Any CPU
		{38C1F7A3-2A83-4686-A9F9-811520B1A0A0}.Debug|x86.ActiveCfg = Debug|Any CPU
		{38C1F7A3-2A83-4686-A9F9-811520B1A0A0}.Debug|x86.Build.0 = Debug|Any CPU
		{38C1F7A3-2A83-4686-A9F9-811520B1A0A0}.Release|Any CPU.ActiveCfg = Release|Any CPU
		{38C1F7A3-2A83-4686-A9F9-811520B1A0A0}.Release|Any CPU.Build.0 = Release|Any CPU
		{38C1F7A3-2A83-4686-A9F9-811520B1A0A0}.Release|ARM.ActiveCfg = Release|Any CPU
		{38C1F7A3-2A83-4686-A9F9-811520B1A0A0}.Release|ARM.Build.0 = Release|Any CPU
		{38C1F7A3-2A83-4686-A9F9-811520B1A0A0}.Release|x64.ActiveCfg = Release|Any CPU
		{38C1F7A3-2A83-4686-A9F9-811520B1A0A0}.Release|x64.Build.0 = Release|Any CPU
		{38C1F7A3-2A83-4686-A9F9-811520B1A0A0}.Release|x86.ActiveCfg = Release|Any CPU
		{38C1F7A3-2A83-4686-A9F9-811520B1A0A0}.Release|x86.Build.0 = Release|Any CPU
		{1368527B-D7B2-46AD-893D-6DC8C073D819}.Debug|Any CPU.ActiveCfg = Debug|Any CPU
		{1368527B-D7B2-46AD-893D-6DC8C073D819}.Debug|Any CPU.Build.0 = Debug|Any CPU
		{1368527B-D7B2-46AD-893D-6DC8C073D819}.Debug|ARM.ActiveCfg = Debug|Any CPU
		{1368527B-D7B2-46AD-893D-6DC8C073D819}.Debug|ARM.Build.0 = Debug|Any CPU
		{1368527B-D7B2-46AD-893D-6DC8C073D819}.Debug|x64.ActiveCfg = Debug|Any CPU
		{1368527B-D7B2-46AD-893D-6DC8C073D819}.Debug|x64.Build.0 = Debug|Any CPU
		{1368527B-D7B2-46AD-893D-6DC8C073D819}.Debug|x86.ActiveCfg = Debug|Any CPU
		{1368527B-D7B2-46AD-893D-6DC8C073D819}.Debug|x86.Build.0 = Debug|Any CPU
		{1368527B-D7B2-46AD-893D-6DC8C073D819}.Release|Any CPU.ActiveCfg = Release|Any CPU
		{1368527B-D7B2-46AD-893D-6DC8C073D819}.Release|Any CPU.Build.0 = Release|Any CPU
		{1368527B-D7B2-46AD-893D-6DC8C073D819}.Release|ARM.ActiveCfg = Release|Any CPU
		{1368527B-D7B2-46AD-893D-6DC8C073D819}.Release|ARM.Build.0 = Release|Any CPU
		{1368527B-D7B2-46AD-893D-6DC8C073D819}.Release|x64.ActiveCfg = Release|Any CPU
		{1368527B-D7B2-46AD-893D-6DC8C073D819}.Release|x64.Build.0 = Release|Any CPU
		{1368527B-D7B2-46AD-893D-6DC8C073D819}.Release|x86.ActiveCfg = Release|Any CPU
		{1368527B-D7B2-46AD-893D-6DC8C073D819}.Release|x86.Build.0 = Release|Any CPU
		{C48558A9-320F-464D-BEF4-48266F3CF2D3}.Debug|Any CPU.ActiveCfg = Debug|Any CPU
		{C48558A9-320F-464D-BEF4-48266F3CF2D3}.Debug|Any CPU.Build.0 = Debug|Any CPU
		{C48558A9-320F-464D-BEF4-48266F3CF2D3}.Debug|ARM.ActiveCfg = Debug|Any CPU
		{C48558A9-320F-464D-BEF4-48266F3CF2D3}.Debug|ARM.Build.0 = Debug|Any CPU
		{C48558A9-320F-464D-BEF4-48266F3CF2D3}.Debug|x64.ActiveCfg = Debug|Any CPU
		{C48558A9-320F-464D-BEF4-48266F3CF2D3}.Debug|x64.Build.0 = Debug|Any CPU
		{C48558A9-320F-464D-BEF4-48266F3CF2D3}.Debug|x86.ActiveCfg = Debug|Any CPU
		{C48558A9-320F-464D-BEF4-48266F3CF2D3}.Debug|x86.Build.0 = Debug|Any CPU
		{C48558A9-320F-464D-BEF4-48266F3CF2D3}.Release|Any CPU.ActiveCfg = Release|Any CPU
		{C48558A9-320F-464D-BEF4-48266F3CF2D3}.Release|Any CPU.Build.0 = Release|Any CPU
		{C48558A9-320F-464D-BEF4-48266F3CF2D3}.Release|ARM.ActiveCfg = Release|Any CPU
		{C48558A9-320F-464D-BEF4-48266F3CF2D3}.Release|ARM.Build.0 = Release|Any CPU
		{C48558A9-320F-464D-BEF4-48266F3CF2D3}.Release|x64.ActiveCfg = Release|Any CPU
		{C48558A9-320F-464D-BEF4-48266F3CF2D3}.Release|x64.Build.0 = Release|Any CPU
		{C48558A9-320F-464D-BEF4-48266F3CF2D3}.Release|x86.ActiveCfg = Release|Any CPU
		{C48558A9-320F-464D-BEF4-48266F3CF2D3}.Release|x86.Build.0 = Release|Any CPU
		{A8C54259-542C-40AC-AEB6-EEFC3AA79859}.Debug|Any CPU.ActiveCfg = Debug|Any CPU
		{A8C54259-542C-40AC-AEB6-EEFC3AA79859}.Debug|Any CPU.Build.0 = Debug|Any CPU
		{A8C54259-542C-40AC-AEB6-EEFC3AA79859}.Debug|ARM.ActiveCfg = Debug|Any CPU
		{A8C54259-542C-40AC-AEB6-EEFC3AA79859}.Debug|ARM.Build.0 = Debug|Any CPU
		{A8C54259-542C-40AC-AEB6-EEFC3AA79859}.Debug|x64.ActiveCfg = Debug|Any CPU
		{A8C54259-542C-40AC-AEB6-EEFC3AA79859}.Debug|x64.Build.0 = Debug|Any CPU
		{A8C54259-542C-40AC-AEB6-EEFC3AA79859}.Debug|x86.ActiveCfg = Debug|Any CPU
		{A8C54259-542C-40AC-AEB6-EEFC3AA79859}.Debug|x86.Build.0 = Debug|Any CPU
		{A8C54259-542C-40AC-AEB6-EEFC3AA79859}.Release|Any CPU.ActiveCfg = Release|Any CPU
		{A8C54259-542C-40AC-AEB6-EEFC3AA79859}.Release|Any CPU.Build.0 = Release|Any CPU
		{A8C54259-542C-40AC-AEB6-EEFC3AA79859}.Release|ARM.ActiveCfg = Release|Any CPU
		{A8C54259-542C-40AC-AEB6-EEFC3AA79859}.Release|ARM.Build.0 = Release|Any CPU
		{A8C54259-542C-40AC-AEB6-EEFC3AA79859}.Release|x64.ActiveCfg = Release|Any CPU
		{A8C54259-542C-40AC-AEB6-EEFC3AA79859}.Release|x64.Build.0 = Release|Any CPU
		{A8C54259-542C-40AC-AEB6-EEFC3AA79859}.Release|x86.ActiveCfg = Release|Any CPU
		{A8C54259-542C-40AC-AEB6-EEFC3AA79859}.Release|x86.Build.0 = Release|Any CPU
		{E3A990AA-5628-42AA-A8D4-1C599602DD96}.Debug|Any CPU.ActiveCfg = Debug|Any CPU
		{E3A990AA-5628-42AA-A8D4-1C599602DD96}.Debug|Any CPU.Build.0 = Debug|Any CPU
		{E3A990AA-5628-42AA-A8D4-1C599602DD96}.Debug|ARM.ActiveCfg = Debug|Any CPU
		{E3A990AA-5628-42AA-A8D4-1C599602DD96}.Debug|ARM.Build.0 = Debug|Any CPU
		{E3A990AA-5628-42AA-A8D4-1C599602DD96}.Debug|x64.ActiveCfg = Debug|Any CPU
		{E3A990AA-5628-42AA-A8D4-1C599602DD96}.Debug|x64.Build.0 = Debug|Any CPU
		{E3A990AA-5628-42AA-A8D4-1C599602DD96}.Debug|x86.ActiveCfg = Debug|Any CPU
		{E3A990AA-5628-42AA-A8D4-1C599602DD96}.Debug|x86.Build.0 = Debug|Any CPU
		{E3A990AA-5628-42AA-A8D4-1C599602DD96}.Release|Any CPU.ActiveCfg = Release|Any CPU
		{E3A990AA-5628-42AA-A8D4-1C599602DD96}.Release|ARM.ActiveCfg = Release|Any CPU
		{E3A990AA-5628-42AA-A8D4-1C599602DD96}.Release|x64.ActiveCfg = Release|Any CPU
		{E3A990AA-5628-42AA-A8D4-1C599602DD96}.Release|x86.ActiveCfg = Release|Any CPU
		{9F6BB55B-3985-42E8-88DE-CE10A39C6389}.Debug|Any CPU.ActiveCfg = Debug|Any CPU
		{9F6BB55B-3985-42E8-88DE-CE10A39C6389}.Debug|Any CPU.Build.0 = Debug|Any CPU
		{9F6BB55B-3985-42E8-88DE-CE10A39C6389}.Debug|ARM.ActiveCfg = Debug|Any CPU
		{9F6BB55B-3985-42E8-88DE-CE10A39C6389}.Debug|ARM.Build.0 = Debug|Any CPU
		{9F6BB55B-3985-42E8-88DE-CE10A39C6389}.Debug|x64.ActiveCfg = Debug|Any CPU
		{9F6BB55B-3985-42E8-88DE-CE10A39C6389}.Debug|x64.Build.0 = Debug|Any CPU
		{9F6BB55B-3985-42E8-88DE-CE10A39C6389}.Debug|x86.ActiveCfg = Debug|Any CPU
		{9F6BB55B-3985-42E8-88DE-CE10A39C6389}.Debug|x86.Build.0 = Debug|Any CPU
		{9F6BB55B-3985-42E8-88DE-CE10A39C6389}.Release|Any CPU.ActiveCfg = Release|Any CPU
		{9F6BB55B-3985-42E8-88DE-CE10A39C6389}.Release|Any CPU.Build.0 = Release|Any CPU
		{9F6BB55B-3985-42E8-88DE-CE10A39C6389}.Release|ARM.ActiveCfg = Release|Any CPU
		{9F6BB55B-3985-42E8-88DE-CE10A39C6389}.Release|ARM.Build.0 = Release|Any CPU
		{9F6BB55B-3985-42E8-88DE-CE10A39C6389}.Release|x64.ActiveCfg = Release|Any CPU
		{9F6BB55B-3985-42E8-88DE-CE10A39C6389}.Release|x64.Build.0 = Release|Any CPU
		{9F6BB55B-3985-42E8-88DE-CE10A39C6389}.Release|x86.ActiveCfg = Release|Any CPU
		{9F6BB55B-3985-42E8-88DE-CE10A39C6389}.Release|x86.Build.0 = Release|Any CPU
		{61BCEAD9-36D4-49B6-9B0F-1999CDCD149F}.Debug|Any CPU.ActiveCfg = Debug|Any CPU
		{61BCEAD9-36D4-49B6-9B0F-1999CDCD149F}.Debug|Any CPU.Build.0 = Debug|Any CPU
		{61BCEAD9-36D4-49B6-9B0F-1999CDCD149F}.Debug|Any CPU.Deploy.0 = Debug|Any CPU
		{61BCEAD9-36D4-49B6-9B0F-1999CDCD149F}.Debug|ARM.ActiveCfg = Debug|Any CPU
		{61BCEAD9-36D4-49B6-9B0F-1999CDCD149F}.Debug|ARM.Build.0 = Debug|Any CPU
		{61BCEAD9-36D4-49B6-9B0F-1999CDCD149F}.Debug|ARM.Deploy.0 = Debug|Any CPU
		{61BCEAD9-36D4-49B6-9B0F-1999CDCD149F}.Debug|x64.ActiveCfg = Debug|Any CPU
		{61BCEAD9-36D4-49B6-9B0F-1999CDCD149F}.Debug|x64.Build.0 = Debug|Any CPU
		{61BCEAD9-36D4-49B6-9B0F-1999CDCD149F}.Debug|x64.Deploy.0 = Debug|Any CPU
		{61BCEAD9-36D4-49B6-9B0F-1999CDCD149F}.Debug|x86.ActiveCfg = Debug|Any CPU
		{61BCEAD9-36D4-49B6-9B0F-1999CDCD149F}.Debug|x86.Build.0 = Debug|Any CPU
		{61BCEAD9-36D4-49B6-9B0F-1999CDCD149F}.Debug|x86.Deploy.0 = Debug|Any CPU
		{61BCEAD9-36D4-49B6-9B0F-1999CDCD149F}.Release|Any CPU.ActiveCfg = Release|Any CPU
		{61BCEAD9-36D4-49B6-9B0F-1999CDCD149F}.Release|ARM.ActiveCfg = Release|Any CPU
		{61BCEAD9-36D4-49B6-9B0F-1999CDCD149F}.Release|x64.ActiveCfg = Release|Any CPU
		{61BCEAD9-36D4-49B6-9B0F-1999CDCD149F}.Release|x86.ActiveCfg = Release|Any CPU
		{6C0D57DC-89C6-4313-BB2C-2CCB662AFDFB}.Debug|Any CPU.ActiveCfg = Debug|Any CPU
		{6C0D57DC-89C6-4313-BB2C-2CCB662AFDFB}.Debug|Any CPU.Build.0 = Debug|Any CPU
		{6C0D57DC-89C6-4313-BB2C-2CCB662AFDFB}.Debug|ARM.ActiveCfg = Debug|Any CPU
		{6C0D57DC-89C6-4313-BB2C-2CCB662AFDFB}.Debug|ARM.Build.0 = Debug|Any CPU
		{6C0D57DC-89C6-4313-BB2C-2CCB662AFDFB}.Debug|x64.ActiveCfg = Debug|Any CPU
		{6C0D57DC-89C6-4313-BB2C-2CCB662AFDFB}.Debug|x64.Build.0 = Debug|Any CPU
		{6C0D57DC-89C6-4313-BB2C-2CCB662AFDFB}.Debug|x86.ActiveCfg = Debug|Any CPU
		{6C0D57DC-89C6-4313-BB2C-2CCB662AFDFB}.Debug|x86.Build.0 = Debug|Any CPU
		{6C0D57DC-89C6-4313-BB2C-2CCB662AFDFB}.Release|Any CPU.ActiveCfg = Release|Any CPU
		{6C0D57DC-89C6-4313-BB2C-2CCB662AFDFB}.Release|ARM.ActiveCfg = Release|Any CPU
		{6C0D57DC-89C6-4313-BB2C-2CCB662AFDFB}.Release|x64.ActiveCfg = Release|Any CPU
		{6C0D57DC-89C6-4313-BB2C-2CCB662AFDFB}.Release|x86.ActiveCfg = Release|Any CPU
	EndGlobalSection
	GlobalSection(SolutionProperties) = preSolution
		HideSolutionNode = FALSE
	EndGlobalSection
	GlobalSection(NestedProjects) = preSolution
		{8C314CEE-EA97-4CCC-88C3-08C5B076DB83} = {7FEAF611-A121-41D7-B220-F619B566EBCE}
		{38C1F7A3-2A83-4686-A9F9-811520B1A0A0} = {7FEAF611-A121-41D7-B220-F619B566EBCE}
		{1368527B-D7B2-46AD-893D-6DC8C073D819} = {2EFD6E75-C1E0-4600-88D6-BFEDAD24A50A}
		{C48558A9-320F-464D-BEF4-48266F3CF2D3} = {2EFD6E75-C1E0-4600-88D6-BFEDAD24A50A}
		{A8C54259-542C-40AC-AEB6-EEFC3AA79859} = {2EFD6E75-C1E0-4600-88D6-BFEDAD24A50A}
		{E3A990AA-5628-42AA-A8D4-1C599602DD96} = {369050EF-15AF-4B0E-98DF-085B91E1B68D}
		{9F6BB55B-3985-42E8-88DE-CE10A39C6389} = {2EFD6E75-C1E0-4600-88D6-BFEDAD24A50A}
		{61BCEAD9-36D4-49B6-9B0F-1999CDCD149F} = {369050EF-15AF-4B0E-98DF-085B91E1B68D}
		{6C0D57DC-89C6-4313-BB2C-2CCB662AFDFB} = {369050EF-15AF-4B0E-98DF-085B91E1B68D}
	EndGlobalSection
EndGlobal
